version = 1
revision = 3
requires-python = ">=3.14"

[[package]]
name = "anyio"
version = "4.12.1"
source = { registry = "https://pypi.org/simple" }
dependencies = [
    { name = "idna" },
]
sdist = { url = "https://files.pythonhosted.org/packages/96/f0/5eb65b2bb0d09ac6776f2eb54adee6abe8228ea05b20a5ad0e4945de8aac/anyio-4.12.1.tar.gz", hash = "sha256:41cfcc3a4c85d3f05c932da7c26d0201ac36f72abd4435ba90d0464a3ffed703", size = 228685, upload-time = "2026-01-06T11:45:21.246Z" }
wheels = [
    { url = "https://files.pythonhosted.org/packages/38/0e/27be9fdef66e72d64c0cdc3cc2823101b80585f8119b5c112c2e8f5f7dab/anyio-4.12.1-py3-none-any.whl", hash = "sha256:d405828884fc140aa80a3c667b8beed277f1dfedec42ba031bd6ac3db606ab6c", size = 113592, upload-time = "2026-01-06T11:45:19.497Z" },
]

[[package]]
name = "certifi"
version = "2026.2.25"
source = { registry = "https://pypi.org/simple" }
sdist = { url = "https://files.pythonhosted.org/packages/af/2d/7bf41579a8986e348fa033a31cdd0e4121114f6bce2457e8876010b092dd/certifi-2026.2.25.tar.gz", hash = "sha256:e887ab5cee78ea814d3472169153c2d12cd43b14bd03329a39a9c6e2e80bfba7", size = 155029, upload-time = "2026-02-25T02:54:17.342Z" }
wheels = [
    { url = "https://files.pythonhosted.org/packages/9a/3c/c17fb3ca2d9c3acff52e30b309f538586f9f5b9c9cf454f3845fc9af4881/certifi-2026.2.25-py3-none-any.whl", hash = "sha256:027692e4402ad994f1c42e52a4997a9763c646b73e4096e4d5d6db8af1d6f0fa", size = 153684, upload-time = "2026-02-25T02:54:15.766Z" },
]

[[package]]
name = "click"
version = "8.3.1"
source = { registry = "https://pypi.org/simple" }
dependencies = [
    { name = "colorama", marker = "sys_platform == 'win32'" },
]
sdist = { url = "https://files.pythonhosted.org/packages/3d/fa/656b739db8587d7b5dfa22e22ed02566950fbfbcdc20311993483657a5c0/click-8.3.1.tar.gz", hash = "sha256:12ff4785d337a1bb490bb7e9c2b1ee5da3112e94a8622f26a6c77f5d2fc6842a", size = 295065, upload-time = "2025-11-15T20:45:42.706Z" }
wheels = [
    { url = "https://files.pythonhosted.org/packages/98/78/01c019cdb5d6498122777c1a43056ebb3ebfeef2076d9d026bfe15583b2b/click-8.3.1-py3-none-any.whl", hash = "sha256:981153a64e25f12d547d3426c367a4857371575ee7ad18df2a6183ab0545b2a6", size = 108274, upload-time = "2025-11-15T20:45:41.139Z" },
]

[[package]]
name = "colorama"
version = "0.4.6"
source = { registry = "https://pypi.org/simple" }
sdist = { url = "https://files.pythonhosted.org/packages/d8/53/6f443c9a4a8358a93a6792e2acffb9d9d5cb0a5cfd8802644b7b1c9a02e4/colorama-0.4.6.tar.gz", hash = "sha256:08695f5cb7ed6e0531a20572697297273c47b8cae5a63ffc6d6ed5c201be6e44", size = 27697, upload-time = "2022-10-25T02:36:22.414Z" }
wheels = [
    { url = "https://files.pythonhosted.org/packages/d1/d6/3965ed04c63042e047cb6a3e6ed1a63a35087b6a609aa3a15ed8ac56c221/colorama-0.4.6-py2.py3-none-any.whl", hash = "sha256:4f1d9991f5acc0ca119f9d443620b77f9d6b33703e51011c16baf57afb285fc6", size = 25335, upload-time = "2022-10-25T02:36:20.889Z" },
]

[[package]]
name = "h11"
version = "0.16.0"
source = { registry = "https://pypi.org/simple" }
sdist = { url = "https://files.pythonhosted.org/packages/01/ee/02a2c011bdab74c6fb3c75474d40b3052059d95df7e73351460c8588d963/h11-0.16.0.tar.gz", hash = "sha256:4e35b956cf45792e4caa5885e69fba00bdbc6ffafbfa020300e549b208ee5ff1", size = 101250, upload-time = "2025-04-24T03:35:25.427Z" }
wheels = [
    { url = "https://files.pythonhosted.org/packages/04/4b/29cac41a4d98d144bf5f6d33995617b185d14b22401f75ca86f384e87ff1/h11-0.16.0-py3-none-any.whl", hash = "sha256:63cf8bbe7522de3bf65932fda1d9c2772064ffb3dae62d55932da54b31cb6c86", size = 37515, upload-time = "2025-04-24T03:35:24.344Z" },
]

[[package]]
name = "httpcore"
version = "1.0.9"
source = { registry = "https://pypi.org/simple" }
dependencies = [
    { name = "certifi" },
    { name = "h11" },
]
sdist = { url = "https://files.pythonhosted.org/packages/06/94/82699a10bca87a5556c9c59b5963f2d039dbd239f25bc2a63907a05a14cb/httpcore-1.0.9.tar.gz", hash = "sha256:6e34463af53fd2ab5d807f399a9b45ea31c3dfa2276f15a2c3f00afff6e176e8", size = 85484, upload-time = "2025-04-24T22:06:22.219Z" }
wheels = [
    { url = "https://files.pythonhosted.org/packages/7e/f5/f66802a942d491edb555dd61e3a9961140fd64c90bce1eafd741609d334d/httpcore-1.0.9-py3-none-any.whl", hash = "sha256:2d400746a40668fc9dec9810239072b40b4484b640a8c38fd654a024c7a1bf55", size = 78784, upload-time = "2025-04-24T22:06:20.566Z" },
]

[[package]]
name = "httpx"
version = "0.28.1"
source = { registry = "https://pypi.org/simple" }
dependencies = [
    { name = "anyio" },
    { name = "certifi" },
    { name = "httpcore" },
    { name = "idna" },
]
sdist = { url = "https://files.pythonhosted.org/packages/b1/df/48c586a5fe32a0f01324ee087459e112ebb7224f646c0b5023f5e79e9956/httpx-0.28.1.tar.gz", hash = "sha256:75e98c5f16b0f35b567856f597f06ff2270a374470a5c2392242528e3e3e42fc", size = 141406, upload-time = "2024-12-06T15:37:23.222Z" }
wheels = [
    { url = "https://files.pythonhosted.org/packages/2a/39/e50c7c3a983047577ee07d2a9e53faf5a69493943ec3f6a384bdc792deb2/httpx-0.28.1-py3-none-any.whl", hash = "sha256:d909fcccc110f8c7faf814ca82a9a4d816bc5a6dbfea25d6591d6985b8ba59ad", size = 73517, upload-time = "2024-12-06T15:37:21.509Z" },
]

[[package]]
name = "idna"
version = "3.11"
source = { registry = "https://pypi.org/simple" }
sdist = { url = "https://files.pythonhosted.org/packages/6f/6d/0703ccc57f3a7233505399edb88de3cbd678da106337b9fcde432b65ed60/idna-3.11.tar.gz", hash = "sha256:795dafcc9c04ed0c1fb032c2aa73654d8e8c5023a7df64a53f39190ada629902", size = 194582, upload-time = "2025-10-12T14:55:20.501Z" }
wheels = [
    { url = "https://files.pythonhosted.org/packages/0e/61/66938bbb5fc52dbdf84594873d5b51fb1f7c7794e9c0f5bd885f30bc507b/idna-3.11-py3-none-any.whl", hash = "sha256:771a87f49d9defaf64091e6e6fe9c18d4833f140bd19464795bc32d966ca37ea", size = 71008, upload-time = "2025-10-12T14:55:18.883Z" },
]

[[package]]
name = "jinja2"
version = "3.1.6"
source = { registry = "https://pypi.org/simple" }
dependencies = [
    { name = "markupsafe" },
]
sdist = { url = "https://files.pythonhosted.org/packages/df/bf/f7da0350254c0ed7c72f3e33cef02e048281fec7ecec5f032d4aac52226b/jinja2-3.1.6.tar.gz", hash = "sha256:0137fb05990d35f1275a587e9aee6d56da821fc83491a0fb838183be43f66d6d", size = 245115, upload-time = "2025-03-05T20:05:02.478Z" }
wheels = [
    { url = "https://files.pythonhosted.org/packages/62/a1/3d680cbfd5f4b8f15abc1d571870c5fc3e594bb582bc3b64ea099db13e56/jinja2-3.1.6-py3-none-any.whl", hash = "sha256:85ece4451f492d0c13c5dd7c13a64681a86afae63a5f347908daf103ce6d2f67", size = 134899, upload-time = "2025-03-05T20:05:00.369Z" },
]

[[package]]
name = "markupsafe"
version = "3.0.3"
source = { registry = "https://pypi.org/simple" }
sdist = { url = "https://files.pythonhosted.org/packages/7e/99/7690b6d4034fffd95959cbe0c02de8deb3098cc577c67bb6a24fe5d7caa7/markupsafe-3.0.3.tar.gz", hash = "sha256:722695808f4b6457b320fdc131280796bdceb04ab50fe1795cd540799ebe1698", size = 80313, upload-time = "2025-09-27T18:37:40.426Z" }
wheels = [
    { url = "https://files.pythonhosted.org/packages/33/8a/8e42d4838cd89b7dde187011e97fe6c3af66d8c044997d2183fbd6d31352/markupsafe-3.0.3-cp314-cp314-macosx_10_13_x86_64.whl", hash = "sha256:eaa9599de571d72e2daf60164784109f19978b327a3910d3e9de8c97b5b70cfe", size = 11619, upload-time = "2025-09-27T18:37:06.342Z" },
    { url = "https://files.pythonhosted.org/packages/b5/64/7660f8a4a8e53c924d0fa05dc3a55c9cee10bbd82b11c5afb27d44b096ce/markupsafe-3.0.3-cp314-cp314-macosx_11_0_arm64.whl", hash = "sha256:c47a551199eb8eb2121d4f0f15ae0f923d31350ab9280078d1e5f12b249e0026", size = 12029, upload-time = "2025-09-27T18:37:07.213Z" },
    { url = "https://files.pythonhosted.org/packages/da/ef/e648bfd021127bef5fa12e1720ffed0c6cbb8310c8d9bea7266337ff06de/markupsafe-3.0.3-cp314-cp314-manylinux2014_aarch64.manylinux_2_17_aarch64.manylinux_2_28_aarch64.whl", hash = "sha256:f34c41761022dd093b4b6896d4810782ffbabe30f2d443ff5f083e0cbbb8c737", size = 24408, upload-time = "2025-09-27T18:37:09.572Z" },
    { url = "https://files.pythonhosted.org/packages/41/3c/a36c2450754618e62008bf7435ccb0f88053e07592e6028a34776213d877/markupsafe-3.0.3-cp314-cp314-manylinux2014_x86_64.manylinux_2_17_x86_64.manylinux_2_28_x86_64.whl", hash = "sha256:457a69a9577064c05a97c41f4e65148652db078a3a509039e64d3467b9e7ef97", size = 23005, upload-time = "2025-09-27T18:37:10.58Z" },
    { url = "https://files.pythonhosted.org/packages/bc/20/b7fdf89a8456b099837cd1dc21974632a02a999ec9bf7ca3e490aacd98e7/markupsafe-3.0.3-cp314-cp314-manylinux_2_31_riscv64.manylinux_2_39_riscv64.whl", hash = "sha256:e8afc3f2ccfa24215f8cb28dcf43f0113ac3c37c2f0f0806d8c70e4228c5cf4d", size = 22048, upload-time = "2025-09-27T18:37:11.547Z" },
    { url = "https://files.pythonhosted.org/packages/9a/a7/591f592afdc734f47db08a75793a55d7fbcc6902a723ae4cfbab61010cc5/markupsafe-3.0.3-cp314-cp314-musllinux_1_2_aarch64.whl", hash = "sha256:ec15a59cf5af7be74194f7ab02d0f59a62bdcf1a537677ce67a2537c9b87fcda", size = 23821, upload-time = "2025-09-27T18:37:12.48Z" },
    { url = "https://files.pythonhosted.org/packages/7d/33/45b24e4f44195b26521bc6f1a82197118f74df348556594bd2262bda1038/markupsafe-3.0.3-cp314-cp314-musllinux_1_2_riscv64.whl", hash = "sha256:0eb9ff8191e8498cca014656ae6b8d61f39da5f95b488805da4bb029cccbfbaf", size = 21606, upload-time = "2025-09-27T18:37:13.485Z" },
    { url = "https://files.pythonhosted.org/packages/ff/0e/53dfaca23a69fbfbbf17a4b64072090e70717344c52eaaaa9c5ddff1e5f0/markupsafe-3.0.3-cp314-cp314-musllinux_1_2_x86_64.whl", hash = "sha256:2713baf880df847f2bece4230d4d094280f4e67b1e813eec43b4c0e144a34ffe", size = 23043, upload-time = "2025-09-27T18:37:14.408Z" },
    { url = "https://files.pythonhosted.org/packages/46/11/f333a06fc16236d5238bfe74daccbca41459dcd8d1fa952e8fbd5dccfb70/markupsafe-3.0.3-cp314-cp314-win32.whl", hash = "sha256:729586769a26dbceff69f7a7dbbf59ab6572b99d94576a5592625d5b411576b9", size = 14747, upload-time = "2025-09-27T18:37:15.36Z" },
    { url = "https://files.pythonhosted.org/packages/28/52/182836104b33b444e400b14f797212f720cbc9ed6ba34c800639d154e821/markupsafe-3.0.3-cp314-cp314-win_amd64.whl", hash = "sha256:bdc919ead48f234740ad807933cdf545180bfbe9342c2bb451556db2ed958581", size = 15341, upload-time = "2025-09-27T18:37:16.496Z" },
    { url = "https://files.pythonhosted.org/packages/6f/18/acf23e91bd94fd7b3031558b1f013adfa21a8e407a3fdb32745538730382/markupsafe-3.0.3-cp314-cp314-win_arm64.whl", hash = "sha256:5a7d5dc5140555cf21a6fefbdbf8723f06fcd2f63ef108f2854de715e4422cb4", size = 14073, upload-time = "2025-09-27T18:37:17.476Z" },
    { url = "https://files.pythonhosted.org/packages/3c/f0/57689aa4076e1b43b15fdfa646b04653969d50cf30c32a102762be2485da/markupsafe-3.0.3-cp314-cp314t-macosx_10_13_x86_64.whl", hash = "sha256:1353ef0c1b138e1907ae78e2f6c63ff67501122006b0f9abad68fda5f4ffc6ab", size = 11661, upload-time = "2025-09-27T18:37:18.453Z" },
    { url = "https://files.pythonhosted.org/packages/89/c3/2e67a7ca217c6912985ec766c6393b636fb0c2344443ff9d91404dc4c79f/markupsafe-3.0.3-cp314-cp314t-macosx_11_0_arm64.whl", hash = "sha256:1085e7fbddd3be5f89cc898938f42c0b3c711fdcb37d75221de2666af647c175", size = 12069, upload-time = "2025-09-27T18:37:19.332Z" },
    { url = "https://files.pythonhosted.org/packages/f0/00/be561dce4e6ca66b15276e184ce4b8aec61fe83662cce2f7d72bd3249d28/markupsafe-3.0.3-cp314-cp314t-manylinux2014_aarch64.manylinux_2_17_aarch64.manylinux_2_28_aarch64.whl", hash = "sha256:1b52b4fb9df4eb9ae465f8d0c228a00624de2334f216f178a995ccdcf82c4634", size = 25670, upload-time = "2025-09-27T18:37:20.245Z" },
    { url = "https://files.pythonhosted.org/packages/50/09/c419f6f5a92e5fadde27efd190eca90f05e1261b10dbd8cbcb39cd8ea1dc/markupsafe-3.0.3-cp314-cp314t-manylinux2014_x86_64.manylinux_2_17_x86_64.manylinux_2_28_x86_64.whl", hash = "sha256:fed51ac40f757d41b7c48425901843666a6677e3e8eb0abcff09e4ba6e664f50", size = 23598, upload-time = "2025-09-27T18:37:21.177Z" },
    { url = "https://files.pythonhosted.org/packages/22/44/a0681611106e0b2921b3033fc19bc53323e0b50bc70cffdd19f7d679bb66/markupsafe-3.0.3-cp314-cp314t-manylinux_2_31_riscv64.manylinux_2_39_riscv64.whl", hash = "sha256:f190daf01f13c72eac4efd5c430a8de82489d9cff23c364c3ea822545032993e", size = 23261, upload-time = "2025-09-27T18:37:22.167Z" },
    { url = "https://files.pythonhosted.org/packages/5f/57/1b0b3f100259dc9fffe780cfb60d4be71375510e435efec3d116b6436d43/markupsafe-3.0.3-cp314-cp314t-musllinux_1_2_aarch64.whl", hash = "sha256:e56b7d45a839a697b5eb268c82a71bd8c7f6c94d6fd50c3d577fa39a9f1409f5", size = 24835, upload-time = "2025-09-27T18:37:23.296Z" },
    { url = "https://files.pythonhosted.org/packages/26/6a/4bf6d0c97c4920f1597cc14dd720705eca0bf7c787aebc6bb4d1bead5388/markupsafe-3.0.3-cp314-cp314t-musllinux_1_2_riscv64.whl", hash = "sha256:f3e98bb3798ead92273dc0e5fd0f31ade220f59a266ffd8a4f6065e0a3ce0523", size = 22733, upload-time = "2025-09-27T18:37:24.237Z" },
    { url = "https://files.pythonhosted.org/packages/14/c7/ca723101509b518797fedc2fdf79ba57f886b4aca8a7d31857ba3ee8281f/markupsafe-3.0.3-cp314-cp314t-musllinux_1_2_x86_64.whl", hash = "sha256:5678211cb9333a6468fb8d8be0305520aa073f50d17f089b5b4b477ea6e67fdc", size = 23672, upload-time = "2025-09-27T18:37:25.271Z" },
    { url = "https://files.pythonhosted.org/packages/fb/df/5bd7a48c256faecd1d36edc13133e51397e41b73bb77e1a69deab746ebac/markupsafe-3.0.3-cp314-cp314t-win32.whl", hash = "sha256:915c04ba3851909ce68ccc2b8e2cd691618c4dc4c4232fb7982bca3f41fd8c3d", size = 14819, upload-time = "2025-09-27T18:37:26.285Z" },
    { url = "https://files.pythonhosted.org/packages/1a/8a/0402ba61a2f16038b48b39bccca271134be00c5c9f0f623208399333c448/markupsafe-3.0.3-cp314-cp314t-win_amd64.whl", hash = "sha256:4faffd047e07c38848ce017e8725090413cd80cbc23d86e55c587bf979e579c9", size = 15426, upload-time = "2025-09-27T18:37:27.316Z" },
    { url = "https://files.pythonhosted.org/packages/70/bc/6f1c2f612465f5fa89b95bead1f44dcb607670fd42891d8fdcd5d039f4f4/markupsafe-3.0.3-cp314-cp314t-win_arm64.whl", hash = "sha256:32001d6a8fc98c8cb5c947787c5d08b0a50663d139f1305bac5885d98d9b40fa", size = 14146, upload-time = "2025-09-27T18:37:28.327Z" },
]

[[package]]
name = "ruff"
version = "0.15.4"
source = { registry = "https://pypi.org/simple" }
sdist = { url = "https://files.pythonhosted.org/packages/da/31/d6e536cdebb6568ae75a7f00e4b4819ae0ad2640c3604c305a0428680b0c/ruff-0.15.4.tar.gz", hash = "sha256:3412195319e42d634470cc97aa9803d07e9d5c9223b99bcb1518f0c725f26ae1", size = 4569550, upload-time = "2026-02-26T20:04:14.959Z" }
wheels = [
    { url = "https://files.pythonhosted.org/packages/f2/82/c11a03cfec3a4d26a0ea1e571f0f44be5993b923f905eeddfc397c13d360/ruff-0.15.4-py3-none-linux_armv6l.whl", hash = "sha256:a1810931c41606c686bae8b5b9a8072adac2f611bb433c0ba476acba17a332e0", size = 10453333, upload-time = "2026-02-26T20:04:20.093Z" },
    { url = "https://files.pythonhosted.org/packages/ce/5d/6a1f271f6e31dffb31855996493641edc3eef8077b883eaf007a2f1c2976/ruff-0.15.4-py3-none-macosx_10_12_x86_64.whl", hash = "sha256:5a1632c66672b8b4d3e1d1782859e98d6e0b4e70829530666644286600a33992", size = 10853356, upload-time = "2026-02-26T20:04:05.808Z" },
    { url = "https://files.pythonhosted.org/packages/b1/d8/0fab9f8842b83b1a9c2bf81b85063f65e93fb512e60effa95b0be49bfc54/ruff-0.15.4-py3-none-macosx_11_0_arm64.whl", hash = "sha256:a4386ba2cd6c0f4ff75252845906acc7c7c8e1ac567b7bc3d373686ac8c222ba", size = 10187434, upload-time = "2026-02-26T20:03:54.656Z" },
    { url = "https://files.pythonhosted.org/packages/85/cc/cc220fd9394eff5db8d94dec199eec56dd6c9f3651d8869d024867a91030/ruff-0.15.4-py3-none-manylinux_2_17_aarch64.manylinux2014_aarch64.whl", hash = "sha256:b2496488bdfd3732747558b6f95ae427ff066d1fcd054daf75f5a50674411e75", size = 10535456, upload-time = "2026-02-26T20:03:52.738Z" },
    { url = "https://files.pythonhosted.org/packages/fa/0f/bced38fa5cf24373ec767713c8e4cadc90247f3863605fb030e597878661/ruff-0.15.4-py3-none-manylinux_2_17_armv7l.manylinux2014_armv7l.whl", hash = "sha256:3f1c4893841ff2d54cbda1b2860fa3260173df5ddd7b95d370186f8a5e66a4ac", size = 10287772, upload-time = "2026-02-26T20:04:08.138Z" },
    { url = "https://files.pythonhosted.org/packages/2b/90/58a1802d84fed15f8f281925b21ab3cecd813bde52a8ca033a4de8ab0e7a/ruff-0.15.4-py3-none-manylinux_2_17_i686.manylinux2014_i686.whl", hash = "sha256:820b8766bd65503b6c30aaa6331e8ef3a6e564f7999c844e9a547c40179e440a", size = 11049051, upload-time = "2026-02-26T20:04:03.53Z" },
    { url = "https://files.pythonhosted.org/packages/d2/ac/b7ad36703c35f3866584564dc15f12f91cb1a26a897dc2fd13d7cb3ae1af/ruff-0.15.4-py3-none-manylinux_2_17_ppc64le.manylinux2014_ppc64le.whl", hash = "sha256:c9fb74bab47139c1751f900f857fa503987253c3ef89129b24ed375e72873e85", size = 11890494, upload-time = "2026-02-26T20:04:10.497Z" },
    { url = "https://files.pythonhosted.org/packages/93/3d/3eb2f47a39a8b0da99faf9c54d3eb24720add1e886a5309d4d1be73a6380/ruff-0.15.4-py3-none-manylinux_2_17_s390x.manylinux2014_s390x.whl", hash = "sha256:f80c98765949c518142b3a50a5db89343aa90f2c2bf7799de9986498ae6176db", size = 11326221, upload-time = "2026-02-26T20:04:12.84Z" },
    { url = "https://files.pythonhosted.org/packages/ff/90/bf134f4c1e5243e62690e09d63c55df948a74084c8ac3e48a88468314da6/ruff-0.15.4-py3-none-manylinux_2_17_x86_64.manylinux2014_x86_64.whl", hash = "sha256:451a2e224151729b3b6c9ffb36aed9091b2996fe4bdbd11f47e27d8f2e8888ec", size = 11168459, upload-time = "2026-02-26T20:04:00.969Z" },
    { url = "https://files.pythonhosted.org/packages/b5/e5/a64d27688789b06b5d55162aafc32059bb8c989c61a5139a36e1368285eb/ruff-0.15.4-py3-none-manylinux_2_31_riscv64.whl", hash = "sha256:a8f157f2e583c513c4f5f896163a93198297371f34c04220daf40d133fdd4f7f", size = 11104366, upload-time = "2026-02-26T20:03:48.099Z" },
    { url = "https://files.pythonhosted.org/packages/f1/f6/32d1dcb66a2559763fc3027bdd65836cad9eb09d90f2ed6a63d8e9252b02/ruff-0.15.4-py3-none-musllinux_1_2_aarch64.whl", hash = "sha256:917cc68503357021f541e69b35361c99387cdbbf99bd0ea4aa6f28ca99ff5338", size = 10510887, upload-time = "2026-02-26T20:03:45.771Z" },
    { url = "https://files.pythonhosted.org/packages/ff/92/22d1ced50971c5b6433aed166fcef8c9343f567a94cf2b9d9089f6aa80fe/ruff-0.15.4-py3-none-musllinux_1_2_armv7l.whl", hash = "sha256:e9737c8161da79fd7cfec19f1e35620375bd8b2a50c3e77fa3d2c16f574105cc", size = 10285939, upload-time = "2026-02-26T20:04:22.42Z" },
    { url = "https://files.pythonhosted.org/packages/e6/f4/7c20aec3143837641a02509a4668fb146a642fd1211846634edc17eb5563/ruff-0.15.4-py3-none-musllinux_1_2_i686.whl", hash = "sha256:291258c917539e18f6ba40482fe31d6f5ac023994ee11d7bdafd716f2aab8a68", size = 10765471, upload-time = "2026-02-26T20:03:58.924Z" },
    { url = "https://files.pythonhosted.org/packages/d0/09/6d2f7586f09a16120aebdff8f64d962d7c4348313c77ebb29c566cefc357/ruff-0.15.4-py3-none-musllinux_1_2_x86_64.whl", hash = "sha256:3f83c45911da6f2cd5936c436cf86b9f09f09165f033a99dcf7477e34041cbc3", size = 11263382, upload-time = "2026-02-26T20:04:24.424Z" },
    { url = "https://files.pythonhosted.org/packages/1b/fa/2ef715a1cd329ef47c1a050e10dee91a9054b7ce2fcfdd6a06d139afb7ec/ruff-0.15.4-py3-none-win32.whl", hash = "sha256:65594a2d557d4ee9f02834fcdf0a28daa8b3b9f6cb2cb93846025a36db47ef22", size = 10506664, upload-time = "2026-02-26T20:03:50.56Z" },
    { url = "https://files.pythonhosted.org/packages/d0/a8/c688ef7e29983976820d18710f955751d9f4d4eb69df658af3d006e2ba3e/ruff-0.15.4-py3-none-win_amd64.whl", hash = "sha256:04196ad44f0df220c2ece5b0e959c2f37c777375ec744397d21d15b50a75264f", size = 11651048, upload-time = "2026-02-26T20:04:17.191Z" },
    { url = "https://files.pythonhosted.org/packages/3e/0a/9e1be9035b37448ce2e68c978f0591da94389ade5a5abafa4cf99985d1b2/ruff-0.15.4-py3-none-win_arm64.whl", hash = "sha256:60d5177e8cfc70e51b9c5fad936c634872a74209f934c1e79107d11787ad5453", size = 10966776, upload-time = "2026-02-26T20:03:56.908Z" },
]

[[package]]
name = "starlette"
version = "1.0.0"
source = { registry = "https://pypi.org/simple" }
dependencies = [
    { name = "anyio" },
]
sdist = { url = "https://files.pythonhosted.org/packages/81/69/17425771797c36cded50b7fe44e850315d039f28b15901ab44839e70b593/starlette-1.0.0.tar.gz", hash = "sha256:6a4beaf1f81bb472fd19ea9b918b50dc3a77a6f2e190a12954b25e6ed5eea149", size = 2655289, upload-time = "2026-03-22T18:29:46.779Z" }
wheels = [
    { url = "https://files.pythonhosted.org/packages/0b/c9/584bc9651441b4ba60cc4d557d8a547b5aff901af35bda3a4ee30c819b82/starlette-1.0.0-py3-none-any.whl", hash = "sha256:d3ec55e0bb321692d275455ddfd3df75fff145d009685eb40dc91fc66b03d38b", size = 72651, upload-time = "2026-03-22T18:29:45.111Z" },
]

[[package]]
name = "ty"
version = "0.0.20"
source = { registry = "https://pypi.org/simple" }
sdist = { url = "https://files.pythonhosted.org/packages/56/95/8de69bb98417227b01f1b1d743c819d6456c9fd140255b6124b05b17dfd6/ty-0.0.20.tar.gz", hash = "sha256:ebba6be7974c14efbb2a9adda6ac59848f880d7259f089dfa72a093039f1dcc6", size = 5262529, upload-time = "2026-03-02T15:51:36.587Z" }
wheels = [
    { url = "https://files.pythonhosted.org/packages/0b/2c/718abe48393e521bf852cd6b0f984766869b09c258d6e38a118768a91731/ty-0.0.20-py3-none-linux_armv6l.whl", hash = "sha256:7cc12769c169c9709a829c2248ee2826b7aae82e92caeac813d856f07c021eae", size = 10333656, upload-time = "2026-03-02T15:51:56.461Z" },
    { url = "https://files.pythonhosted.org/packages/41/0e/eb1c4cc4a12862e2327b72657bcebb10b7d9f17046f1bdcd6457a0211615/ty-0.0.20-py3-none-macosx_10_12_x86_64.whl", hash = "sha256:3b777c1bf13bc0a95985ebb8a324b8668a4a9b2e514dde5ccf09e4d55d2ff232", size = 10168505, upload-time = "2026-03-02T15:51:51.895Z" },
    { url = "https://files.pythonhosted.org/packages/89/7f/10230798e673f0dd3094dfd16e43bfd90e9494e7af6e8e7db516fb431ddf/ty-0.0.20-py3-none-macosx_11_0_arm64.whl", hash = "sha256:b2a4a7db48bf8cba30365001bc2cad7fd13c1a5aacdd704cc4b7925de8ca5eb3", size = 9678510, upload-time = "2026-03-02T15:51:48.451Z" },
    { url = "https://files.pythonhosted.org/packages/7a/3d/59d9159577494edd1728f7db77b51bb07884bd21384f517963114e3ab5f6/ty-0.0.20-py3-none-manylinux_2_17_aarch64.manylinux2014_aarch64.whl", hash = "sha256:6846427b8b353a43483e9c19936dc6a25612573b44c8f7d983dfa317e7f00d4c", size = 10162926, upload-time = "2026-03-02T15:51:40.558Z" },
    { url = "https://files.pythonhosted.org/packages/9c/a8/b7273eec3e802f78eb913fbe0ce0c16ef263723173e06a5776a8359b2c66/ty-0.0.20-py3-none-manylinux_2_17_armv7l.manylinux2014_armv7l.whl", hash = "sha256:245ceef5bd88df366869385cf96411cb14696334f8daa75597cf7e41c3012eb8", size = 10171702, upload-time = "2026-03-02T15:51:44.069Z" },
    { url = "https://files.pythonhosted.org/packages/9f/32/5f1144f2f04a275109db06e3498450c4721554215b80ae73652ef412eeab/ty-0.0.20-py3-none-manylinux_2_17_i686.manylinux2014_i686.whl", hash = "sha256:c4d21d1cdf67a444d3c37583c17291ddba9382a9871021f3f5d5735e09e85efe", size = 10682552, upload-time = "2026-03-02T15:51:33.102Z" },
    { url = "https://files.pythonhosted.org/packages/6a/db/9f1f637310792f12bd6ed37d5fc8ab39ba1a9b0c6c55a33865e9f1cad840/ty-0.0.20-py3-none-manylinux_2_17_ppc64le.manylinux2014_ppc64le.whl", hash = "sha256:bd4ffd907d1bd70e46af9e9a2f88622f215e1bf44658ea43b32c2c0b357299e4", size = 11242605, upload-time = "2026-03-02T15:51:34.895Z" },
    { url = "https://files.pythonhosted.org/packages/1a/68/cc9cae2e732fcfd20ccdffc508407905a023fc8493b8771c392d915528dc/ty-0.0.20-py3-none-manylinux_2_17_s390x.manylinux2014_s390x.whl", hash = "sha256:b6594b58d8b0e9d16a22b3045fc1305db4b132c8d70c17784ab8c7a7cc986807", size = 10974655, upload-time = "2026-03-02T15:51:46.011Z" },
    { url = "https://files.pythonhosted.org/packages/1c/c1/b9e3e3f28fe63486331e653f6aeb4184af8b1fe80542fcf74d2dda40a93d/ty-0.0.20-py3-none-manylinux_2_17_x86_64.manylinux2014_x86_64.whl", hash = "sha256:3662f890518ce6cf4d7568f57d03906912d2afbf948a01089a28e325b1ef198c", size = 10761325, upload-time = "2026-03-02T15:51:26.818Z" },
    { url = "https://files.pythonhosted.org/packages/39/9e/67db935bdedf219a00fb69ec5437ba24dab66e0f2e706dd54a4eca234b84/ty-0.0.20-py3-none-musllinux_1_2_aarch64.whl", hash = "sha256:0e3ffbae58f9f0d17cdc4ac6d175ceae560b7ed7d54f9ddfb1c9f31054bcdc2c", size = 10145793, upload-time = "2026-03-02T15:51:38.562Z" },
    { url = "https://files.pythonhosted.org/packages/c7/de/b0eb815d4dc5a819c7e4faddc2a79058611169f7eef07ccc006531ce228c/ty-0.0.20-py3-none-musllinux_1_2_armv7l.whl", hash = "sha256:176e52bc8bb00b0e84efd34583962878a447a3a0e34ecc45fd7097a37554261b", size = 10189640, upload-time = "2026-03-02T15:51:50.202Z" },
    { url = "https://files.pythonhosted.org/packages/b8/71/63734923965cbb70df1da3e93e4b8875434e326b89e9f850611122f279bf/ty-0.0.20-py3-none-musllinux_1_2_i686.whl", hash = "sha256:b2bc73025418e976ca4143dde71fb9025a90754a08ac03e6aa9b80d4bed1294b", size = 10370568, upload-time = "2026-03-02T15:51:42.295Z" },
    { url = "https://files.pythonhosted.org/packages/32/a0/a532c2048533347dff48e9ca98bd86d2c224356e101688a8edaf8d6973fb/ty-0.0.20-py3-none-musllinux_1_2_x86_64.whl", hash = "sha256:d52f7c9ec6e363e094b3c389c344d5a140401f14a77f0625e3f28c21918552f5", size = 10853999, upload-time = "2026-03-02T15:51:58.963Z" },
    { url = "https://files.pythonhosted.org/packages/48/88/36c652c658fe96658043e4abc8ea97801de6fb6e63ab50aaa82807bff1d8/ty-0.0.20-py3-none-win32.whl", hash = "sha256:c7d32bfe93f8fcaa52b6eef3f1b930fd7da410c2c94e96f7412c30cfbabf1d17", size = 9744206, upload-time = "2026-03-02T15:51:54.183Z" },
    { url = "https://files.pythonhosted.org/packages/ff/a7/a4a13bed1d7fd9d97aaa3c5bb5e6d3e9a689e6984806cbca2ab4c9233cac/ty-0.0.20-py3-none-win_amd64.whl", hash = "sha256:a5e10f40fc4a0a1cbcb740a4aad5c7ce35d79f030836ea3183b7a28f43170248", size = 10711999, upload-time = "2026-03-02T15:51:29.212Z" },
    { url = "https://files.pythonhosted.org/packages/8d/7e/6bfd748a9f4ff9267ed3329b86a0f02cdf6ab49f87bc36c8a164852f99fc/ty-0.0.20-py3-none-win_arm64.whl", hash = "sha256:53f7a5c12c960e71f160b734f328eff9a35d578af4b67a36b0bb5990ac5cdc27", size = 10150143, upload-time = "2026-03-02T15:51:31.283Z" },
]

[[package]]
name = "uvicorn"
version = "0.41.0"
source = { registry = "https://pypi.org/simple" }
dependencies = [
    { name = "click" },
    { name = "h11" },
]
sdist = { url = "https://files.pythonhosted.org/packages/32/ce/eeb58ae4ac36fe09e3842eb02e0eb676bf2c53ae062b98f1b2531673efdd/uvicorn-0.41.0.tar.gz", hash = "sha256:09d11cf7008da33113824ee5a1c6422d89fbc2ff476540d69a34c87fab8b571a", size = 82633, upload-time = "2026-02-16T23:07:24.1Z" }
wheels = [
    { url = "https://files.pythonhosted.org/packages/83/e4/d04a086285c20886c0daad0e026f250869201013d18f81d9ff5eada73a88/uvicorn-0.41.0-py3-none-any.whl", hash = "sha256:29e35b1d2c36a04b9e180d4007ede3bcb32a85fbdfd6c6aeb3f26839de088187", size = 68783, upload-time = "2026-02-16T23:07:22.357Z" },
]

[[package]]
name = "yaas"
version = "1.1.0"
source = { virtual = "." }
dependencies = [
    { name = "jinja2" },
    { name = "starlette" },
    { name = "uvicorn" },
    { name = "yt-dlp" },
]

[package.dev-dependencies]
dev = [
    { name = "httpx" },
    { name = "ruff" },
    { name = "ty" },
]

[package.metadata]
requires-dist = [
    { name = "jinja2", specifier = ">=3.1.6" },
    { name = "starlette", specifier = ">=0.52.1" },
    { name = "uvicorn", specifier = ">=0.41.0" },
    { name = "yt-dlp", specifier = ">=2026.3.3" },
]

[package.metadata.requires-dev]
dev = [
    { name = "httpx", specifier = ">=0.28.1" },
    { name = "ruff", specifier = ">=0.15.4" },
    { name = "ty", specifier = ">=0.0.20" },
]

[[package]]
name = "yt-dlp"
version = "2026.3.3"
source = { registry = "https://pypi.org/simple" }
sdist = { url = "https://files.pythonhosted.org/packages/66/6f/7427d23609353e5ef3470ff43ef551b8bd7b166dd4fef48957f0d0e040fe/yt_dlp-2026.3.3.tar.gz", hash = "sha256:3db7969e3a8964dc786bdebcffa2653f31123bf2a630f04a17bdafb7bbd39952", size = 3118658, upload-time = "2026-03-03T16:54:53.909Z" }
wheels = [
    { url = "https://files.pythonhosted.org/packages/7e/a4/8b5cd28ab87aef48ef15e74241befec3445496327db028f34147a9e0f14f/yt_dlp-2026.3.3-py3-none-any.whl", hash = "sha256:166c6e68c49ba526474bd400e0129f58aa522c2896204aa73be669c3d2f15e63", size = 3315599, upload-time = "2026-03-03T16:54:51.899Z" },
]
